// !$*UTF8*$!
{
	archiveVersion = 1;
	classes = {
	};
	objectVersion = 50;
	objects = {

/* Begin PBXBuildFile section */
		9328685D20B781D900A30EFF /* FormulaListTableViewCell.swift in Sources */ = {isa = PBXBuildFile; fileRef = 9328685C20B781D900A30EFF /* FormulaListTableViewCell.swift */; };
		9328685F20B7829A00A30EFF /* FormulaTableViewController.swift in Sources */ = {isa = PBXBuildFile; fileRef = 9328685E20B7829A00A30EFF /* FormulaTableViewController.swift */; };
		9328686120B7A79600A30EFF /* EquationCollectionViewController.swift in Sources */ = {isa = PBXBuildFile; fileRef = 9328686020B7A79600A30EFF /* EquationCollectionViewController.swift */; };
		9328686320B7A81000A30EFF /* EquationCollectionViewCell.swift in Sources */ = {isa = PBXBuildFile; fileRef = 9328686220B7A81000A30EFF /* EquationCollectionViewCell.swift */; };
		9328686520B8295400A30EFF /* SelectionViewController.swift in Sources */ = {isa = PBXBuildFile; fileRef = 9328686420B8295400A30EFF /* SelectionViewController.swift */; };
		932CF07620B4C8EE000FB19A /* Formula.swift in Sources */ = {isa = PBXBuildFile; fileRef = 932CF07520B4C8EE000FB19A /* Formula.swift */; };
		932CF07820B4C967000FB19A /* Variable.swift in Sources */ = {isa = PBXBuildFile; fileRef = 932CF07720B4C967000FB19A /* Variable.swift */; };
		932CF07A20B4CF36000FB19A /* backup.swift in Sources */ = {isa = PBXBuildFile; fileRef = 932CF07920B4CF36000FB19A /* backup.swift */; };
		93445B3020AF0CD6002B9ADA /* AppDelegate.swift in Sources */ = {isa = PBXBuildFile; fileRef = 93445B2F20AF0CD6002B9ADA /* AppDelegate.swift */; };
		93445B3220AF0CD6002B9ADA /* ViewController.swift in Sources */ = {isa = PBXBuildFile; fileRef = 93445B3120AF0CD6002B9ADA /* ViewController.swift */; };
		93445B3520AF0CD6002B9ADA /* Main.storyboard in Resources */ = {isa = PBXBuildFile; fileRef = 93445B3320AF0CD6002B9ADA /* Main.storyboard */; };
		93445B3820AF0CD6002B9ADA /* Chem_Final.xcdatamodeld in Sources */ = {isa = PBXBuildFile; fileRef = 93445B3620AF0CD6002B9ADA /* Chem_Final.xcdatamodeld */; };
		93445B3A20AF0CD9002B9ADA /* Assets.xcassets in Resources */ = {isa = PBXBuildFile; fileRef = 93445B3920AF0CD9002B9ADA /* Assets.xcassets */; };
		93445B3D20AF0CD9002B9ADA /* LaunchScreen.storyboard in Resources */ = {isa = PBXBuildFile; fileRef = 93445B3B20AF0CD9002B9ADA /* LaunchScreen.storyboard */; };
		93C40B1520B50D3600742DCE /* formulas in Resources */ = {isa = PBXBuildFile; fileRef = 93C40B1420B50D3600742DCE /* formulas */; };
/* End PBXBuildFile section */

/* Begin PBXFileReference section */
		9328685C20B781D900A30EFF /* FormulaListTableViewCell.swift */ = {isa = PBXFileReference; lastKnownFileType = sourcecode.swift; path = FormulaListTableViewCell.swift; sourceTree = "<group>"; };
		9328685E20B7829A00A30EFF /* FormulaTableViewController.swift */ = {isa = PBXFileReference; lastKnownFileType = sourcecode.swift; path = FormulaTableViewController.swift; sourceTree = "<group>"; };
		9328686020B7A79600A30EFF /* EquationCollectionViewController.swift */ = {isa = PBXFileReference; lastKnownFileType = sourcecode.swift; path = EquationCollectionViewController.swift; sourceTree = "<group>"; };
		9328686220B7A81000A30EFF /* EquationCollectionViewCell.swift */ = {isa = PBXFileReference; lastKnownFileType = sourcecode.swift; path = EquationCollectionViewCell.swift; sourceTree = "<group>"; };
		9328686420B8295400A30EFF /* SelectionViewController.swift */ = {isa = PBXFileReference; lastKnownFileType = sourcecode.swift; path = SelectionViewController.swift; sourceTree = "<group>"; };
		932CF07520B4C8EE000FB19A /* Formula.swift */ = {isa = PBXFileReference; lastKnownFileType = sourcecode.swift; path = Formula.swift; sourceTree = "<group>"; };
		932CF07720B4C967000FB19A /* Variable.swift */ = {isa = PBXFileReference; lastKnownFileType = sourcecode.swift; path = Variable.swift; sourceTree = "<group>"; };
		932CF07920B4CF36000FB19A /* backup.swift */ = {isa = PBXFileReference; lastKnownFileType = sourcecode.swift; path = backup.swift; sourceTree = "<group>"; };
		93445B2C20AF0CD6002B9ADA /* Chem Final.app */ = {isa = PBXFileReference; explicitFileType = wrapper.application; includeInIndex = 0; path = "Chem Final.app"; sourceTree = BUILT_PRODUCTS_DIR; };
		93445B2F20AF0CD6002B9ADA /* AppDelegate.swift */ = {isa = PBXFileReference; lastKnownFileType = sourcecode.swift; path = AppDelegate.swift; sourceTree = "<group>"; };
		93445B3120AF0CD6002B9ADA /* ViewController.swift */ = {isa = PBXFileReference; lastKnownFileType = sourcecode.swift; path = ViewController.swift; sourceTree = "<group>"; };
		93445B3420AF0CD6002B9ADA /* Base */ = {isa = PBXFileReference; lastKnownFileType = file.storyboard; name = Base; path = Base.lproj/Main.storyboard; sourceTree = "<group>"; };
		93445B3720AF0CD6002B9ADA /* Chem_Final.xcdatamodel */ = {isa = PBXFileReference; lastKnownFileType = wrapper.xcdatamodel; path = Chem_Final.xcdatamodel; sourceTree = "<group>"; };
		93445B3920AF0CD9002B9ADA /* Assets.xcassets */ = {isa = PBXFileReference; lastKnownFileType = folder.assetcatalog; path = Assets.xcassets; sourceTree = "<group>"; };
		93445B3C20AF0CD9002B9ADA /* Base */ = {isa = PBXFileReference; lastKnownFileType = file.storyboard; name = Base; path = Base.lproj/LaunchScreen.storyboard; sourceTree = "<group>"; };
		93445B3E20AF0CD9002B9ADA /* Info.plist */ = {isa = PBXFileReference; lastKnownFileType = text.plist.xml; path = Info.plist; sourceTree = "<group>"; };
		93C40B1420B50D3600742DCE /* formulas */ = {isa = PBXFileReference; fileEncoding = 4; lastKnownFileType = text; path = formulas; sourceTree = "<group>"; };
/* End PBXFileReference section */

/* Begin PBXFrameworksBuildPhase section */
		93445B2920AF0CD5002B9ADA /* Frameworks */ = {
			isa = PBXFrameworksBuildPhase;
			buildActionMask = 2147483647;
			files = (
			);
			runOnlyForDeploymentPostprocessing = 0;
		};
/* End PBXFrameworksBuildPhase section */

/* Begin PBXGroup section */
		93445B2320AF0CD5002B9ADA = {
			isa = PBXGroup;
			children = (
				93445B2E20AF0CD6002B9ADA /* Chem Final */,
				93445B2D20AF0CD6002B9ADA /* Products */,
			);
			sourceTree = "<group>";
		};
		93445B2D20AF0CD6002B9ADA /* Products */ = {
			isa = PBXGroup;
			children = (
				93445B2C20AF0CD6002B9ADA /* Chem Final.app */,
			);
			name = Products;
			sourceTree = "<group>";
		};
		93445B2E20AF0CD6002B9ADA /* Chem Final */ = {
			isa = PBXGroup;
			children = (
				9328685C20B781D900A30EFF /* FormulaListTableViewCell.swift */,
				9328685E20B7829A00A30EFF /* FormulaTableViewController.swift */,
				93C40B1420B50D3600742DCE /* formulas */,
				93445B2F20AF0CD6002B9ADA /* AppDelegate.swift */,
				93445B3120AF0CD6002B9ADA /* ViewController.swift */,
				9328686420B8295400A30EFF /* SelectionViewController.swift */,
				9328686020B7A79600A30EFF /* EquationCollectionViewController.swift */,
				9328686220B7A81000A30EFF /* EquationCollectionViewCell.swift */,
				93445B3320AF0CD6002B9ADA /* Main.storyboard */,
				93445B3920AF0CD9002B9ADA /* Assets.xcassets */,
				93445B3E20AF0CD9002B9ADA /* Info.plist */,
				93445B3B20AF0CD9002B9ADA /* LaunchScreen.storyboard */,
				93445B3620AF0CD6002B9ADA /* Chem_Final.xcdatamodeld */,
				932CF07520B4C8EE000FB19A /* Formula.swift */,
				932CF07720B4C967000FB19A /* Variable.swift */,
				932CF07920B4CF36000FB19A /* backup.swift */,
			);
			path = "Chem Final";
			sourceTree = "<group>";
		};
/* End PBXGroup section */

/* Begin PBXNativeTarget section */
		93445B2B20AF0CD5002B9ADA /* Chem Final */ = {
			isa = PBXNativeTarget;
			buildConfigurationList = 93445B4120AF0CD9002B9ADA /* Build configuration list for PBXNativeTarget "Chem Final" */;
			buildPhases = (
				93445B2820AF0CD5002B9ADA /* Sources */,
				93445B2920AF0CD5002B9ADA /* Frameworks */,
				93445B2A20AF0CD5002B9ADA /* Resources */,
			);
			buildRules = (
			);
			dependencies = (
			);
			name = "Chem Final";
			productName = "Chem Final";
			productReference = 93445B2C20AF0CD6002B9ADA /* Chem Final.app */;
			productType = "com.apple.product-type.application";
		};
/* End PBXNativeTarget section */

/* Begin PBXProject section */
		93445B2420AF0CD5002B9ADA /* Project object */ = {
			isa = PBXProject;
			attributes = {
				LastSwiftUpdateCheck = 0930;
				LastUpgradeCheck = 0930;
				ORGANIZATIONNAME = "Annie Wang";
				TargetAttributes = {
					93445B2B20AF0CD5002B9ADA = {
						CreatedOnToolsVersion = 9.3.1;
					};
				};
			};
			buildConfigurationList = 93445B2720AF0CD5002B9ADA /* Build configuration list for PBXProject "Chem Final" */;
			compatibilityVersion = "Xcode 9.3";
			developmentRegion = en;
			hasScannedForEncodings = 0;
			knownRegions = (
				en,
				Base,
			);
			mainGroup = 93445B2320AF0CD5002B9ADA;
			productRefGroup = 93445B2D20AF0CD6002B9ADA /* Products */;
			projectDirPath = "";
			projectRoot = "";
			targets = (
				93445B2B20AF0CD5002B9ADA /* Chem Final */,
			);
		};
/* End PBXProject section */

/* Begin PBXResourcesBuildPhase section */
		93445B2A20AF0CD5002B9ADA /* Resources */ = {
			isa = PBXResourcesBuildPhase;
			buildActionMask = 2147483647;
			files = (
				93445B3D20AF0CD9002B9ADA /* LaunchScreen.storyboard in Resources */,
				93C40B1520B50D3600742DCE /* formulas in Resources */,
				93445B3A20AF0CD9002B9ADA /* Assets.xcassets in Resources */,
				93445B3520AF0CD6002B9ADA /* Main.storyboard in Resources */,
			);
			runOnlyForDeploymentPostprocessing = 0;
		};
/* End PBXResourcesBuildPhase section */

/* Begin PBXSourcesBuildPhase section */
		93445B2820AF0CD5002B9ADA /* Sources */ = {
			isa = PBXSourcesBuildPhase;
			buildActionMask = 2147483647;
			files = (
				9328686320B7A81000A30EFF /* EquationCollectionViewCell.swift in Sources */,
				9328685F20B7829A00A30EFF /* FormulaTableViewController.swift in Sources */,
				93445B3220AF0CD6002B9ADA /* ViewController.swift in Sources */,
				932CF07A20B4CF36000FB19A /* backup.swift in Sources */,
				93445B3820AF0CD6002B9ADA /* Chem_Final.xcdatamodeld in Sources */,
				9328686520B8295400A30EFF /* SelectionViewController.swift in Sources */,
				9328686120B7A79600A30EFF /* EquationCollectionViewController.swift in Sources */,
				932CF07620B4C8EE000FB19A /* Formula.swift in Sources */,
				93445B3020AF0CD6002B9ADA /* AppDelegate.swift in Sources */,
				9328685D20B781D900A30EFF /* FormulaListTableViewCell.swift in Sources */,
				932CF07820B4C967000FB19A /* Variable.swift in Sources */,
			);
			runOnlyForDeploymentPostprocessing = 0;
		};
/* End PBXSourcesBuildPhase section */

/* Begin PBXVariantGroup section */
		93445B3320AF0CD6002B9ADA /* Main.storyboard */ = {
			isa = PBXVariantGroup;
			children = (
				93445B3420AF0CD6002B9ADA /* Base */,
			);
			name = Main.storyboard;
			sourceTree = "<group>";
		};
		93445B3B20AF0CD9002B9ADA /* LaunchScreen.storyboard */ = {
			isa = PBXVariantGroup;
			children = (
				93445B3C20AF0CD9002B9ADA /* Base */,
			);
			name = LaunchScreen.storyboard;
			sourceTree = "<group>";
		};
/* End PBXVariantGroup section */

/* Begin XCBuildConfiguration section */
		93445B3F20AF0CD9002B9ADA /* Debug */ = {
			isa = XCBuildConfiguration;
			buildSettings = {
				ALWAYS_SEARCH_USER_PATHS = NO;
				CLANG_ANALYZER_NONNULL = YES;
				CLANG_ANALYZER_NUMBER_OBJECT_CONVERSION = YES_AGGRESSIVE;
				CLANG_CXX_LANGUAGE_STANDARD = "gnu++14";
				CLANG_CXX_LIBRARY = "libc++";
				CLANG_ENABLE_MODULES = YES;
				CLANG_ENABLE_OBJC_ARC = YES;
				CLANG_ENABLE_OBJC_WEAK = YES;
				CLANG_WARN_BLOCK_CAPTURE_AUTORELEASING = YES;
				CLANG_WARN_BOOL_CONVERSION = YES;
				CLANG_WARN_COMMA = YES;
				CLANG_WARN_CONSTANT_CONVERSION = YES;
				CLANG_WARN_DEPRECATED_OBJC_IMPLEMENTATIONS = YES;
				CLANG_WARN_DIRECT_OBJC_ISA_USAGE = YES_ERROR;
				CLANG_WARN_DOCUMENTATION_COMMENTS = YES;
				CLANG_WARN_EMPTY_BODY = YES;
				CLANG_WARN_ENUM_CONVERSION = YES;
				CLANG_WARN_INFINITE_RECURSION = YES;
				CLANG_WARN_INT_CONVERSION = YES;
				CLANG_WARN_NON_LITERAL_NULL_CONVERSION = YES;
				CLANG_WARN_OBJC_IMPLICIT_RETAIN_SELF = YES;
				CLANG_WARN_OBJC_LITERAL_CONVERSION = YES;
				CLANG_WARN_OBJC_ROOT_CLASS = YES_ERROR;
				CLANG_WARN_RANGE_LOOP_ANALYSIS = YES;
				CLANG_WARN_STRICT_PROTOTYPES = YES;
				CLANG_WARN_SUSPICIOUS_MOVE = YES;
				CLANG_WARN_UNGUARDED_AVAILABILITY = YES_AGGRESSIVE;
				CLANG_WARN_UNREACHABLE_CODE = YES;
				CLANG_WARN__DUPLICATE_METHOD_MATCH = YES;
				CODE_SIGN_IDENTITY = "iPhone Developer";
				COPY_PHASE_STRIP = NO;
				DEBUG_INFORMATION_FORMAT = dwarf;
				ENABLE_STRICT_OBJC_MSGSEND = YES;
				ENABLE_TESTABILITY = YES;
				GCC_C_LANGUAGE_STANDARD = gnu11;
				GCC_DYNAMIC_NO_PIC = NO;
				GCC_NO_COMMON_BLOCKS = YES;
				GCC_OPTIMIZATION_LEVEL = 0;
				GCC_PREPROCESSOR_DEFINITIONS = (
					"DEBUG=1",
					"$(inherited)",
				);
				GCC_WARN_64_TO_32_BIT_CONVERSION = YES;
				GCC_WARN_ABOUT_RETURN_TYPE = YES_ERROR;
				GCC_WARN_UNDECLARED_SELECTOR = YES;
				GCC_WARN_UNINITIALIZED_AUTOS = YES_AGGRESSIVE;
				GCC_WARN_UNUSED_FUNCTION = YES;
				GCC_WARN_UNUSED_VARIABLE = YES;
				IPHONEOS_DEPLOYMENT_TARGET = 11.3;
				MTL_ENABLE_DEBUG_INFO = YES;
				ONLY_ACTIVE_ARCH = YES;
				SDKROOT = iphoneos;
				SWIFT_ACTIVE_COMPILATION_CONDITIONS = DEBUG;
				SWIFT_OPTIMIZATION_LEVEL = "-Onone";
			};
			name = Debug;
		};
		93445B4020AF0CD9002B9ADA /* Release */ = {
			isa = XCBuildConfiguration;
			buildSettings = {
				ALWAYS_SEARCH_USER_PATHS = NO;
				CLANG_ANALYZER_NONNULL = YES;
				CLANG_ANALYZER_NUMBER_OBJECT_CONVERSION = YES_AGGRESSIVE;
				CLANG_CXX_LANGUAGE_STANDARD = "gnu++14";
				CLANG_CXX_LIBRARY = "libc++";
				CLANG_ENABLE_MODULES = YES;
				CLANG_ENABLE_OBJC_ARC = YES;
				CLANG_ENABLE_OBJC_WEAK = YES;
				CLANG_WARN_BLOCK_CAPTURE_AUTORELEASING = YES;
				CLANG_WARN_BOOL_CONVERSION = YES;
				CLANG_WARN_COMMA = YES;
				CLANG_WARN_CONSTANT_CONVERSION = YES;
				CLANG_WARN_DEPRECATED_OBJC_IMPLEMENTATIONS = YES;
				CLANG_WARN_DIRECT_OBJC_ISA_USAGE = YES_ERROR;
				CLANG_WARN_DOCUMENTATION_COMMENTS = YES;
				CLANG_WARN_EMPTY_BODY = YES;
				CLANG_WARN_ENUM_CONVERSION = YES;
				CLANG_WARN_INFINITE_RECURSION = YES;
				CLANG_WARN_INT_CONVERSION = YES;
				CLANG_WARN_NON_LITERAL_NULL_CONVERSION = YES;
				CLANG_WARN_OBJC_IMPLICIT_RETAIN_SELF = YES;
				CLANG_WARN_OBJC_LITERAL_CONVERSION = YES;
				CLANG_WARN_OBJC_ROOT_CLASS = YES_ERROR;
				CLANG_WARN_RANGE_LOOP_ANALYSIS = YES;
				CLANG_WARN_STRICT_PROTOTYPES = YES;
				CLANG_WARN_SUSPICIOUS_MOVE = YES;
				CLANG_WARN_UNGUARDED_AVAILABILITY = YES_AGGRESSIVE;
				CLANG_WARN_UNREACHABLE_CODE = YES;
				CLANG_WARN__DUPLICATE_METHOD_MATCH = YES;
				CODE_SIGN_IDENTITY = "iPhone Developer";
				COPY_PHASE_STRIP = NO;
				DEBUG_INFORMATION_FORMAT = "dwarf-with-dsym";
				ENABLE_NS_ASSERTIONS = NO;
				ENABLE_STRICT_OBJC_MSGSEND = YES;
				GCC_C_LANGUAGE_STANDARD = gnu11;
				GCC_NO_COMMON_BLOCKS = YES;
				GCC_WARN_64_TO_32_BIT_CONVERSION = YES;
				GCC_WARN_ABOUT_RETURN_TYPE = YES_ERROR;
				GCC_WARN_UNDECLARED_SELECTOR = YES;
				GCC_WARN_UNINITIALIZED_AUTOS = YES_AGGRESSIVE;
				GCC_WARN_UNUSED_FUNCTION = YES;
				GCC_WARN_UNUSED_VARIABLE = YES;
				IPHONEOS_DEPLOYMENT_TARGET = 11.3;
				MTL_ENABLE_DEBUG_INFO = NO;
				SDKROOT = iphoneos;
				SWIFT_COMPILATION_MODE = wholemodule;
				SWIFT_OPTIMIZATION_LEVEL = "-O";
				VALIDATE_PRODUCT = YES;
			};
			name = Release;
		};
		93445B4220AF0CD9002B9ADA /* Debug */ = {
			isa = XCBuildConfiguration;
			buildSettings = {
				ASSETCATALOG_COMPILER_APPICON_NAME = AppIcon;
				CODE_SIGN_STYLE = Automatic;
				DEVELOPMENT_TEAM = LL6VNS7E3C;
				INFOPLIST_FILE = "Chem Final/Info.plist";
				LD_RUNPATH_SEARCH_PATHS = (
					"$(inherited)",
					"@executable_path/Frameworks",
				);
				PRODUCT_BUNDLE_IDENTIFIER = "cs.Chem-Final";
				PRODUCT_NAME = "$(TARGET_NAME)";
				SWIFT_VERSION = 4.0;
				TARGETED_DEVICE_FAMILY = "1,2";
			};
			name = Debug;
		};
		93445B4320AF0CD9002B9ADA /* Release */ = {
			isa = XCBuildConfiguration;
			buildSettings = {
				ASSETCATALOG_COMPILER_APPICON_NAME = AppIcon;
				CODE_SIGN_STYLE = Automatic;
				DEVELOPMENT_TEAM = LL6VNS7E3C;
				INFOPLIST_FILE = "Chem Final/Info.plist";
				LD_RUNPATH_SEARCH_PATHS = (
					"$(inherited)",
					"@executable_path/Frameworks",
				);
				PRODUCT_BUNDLE_IDENTIFIER = "cs.Chem-Final";
				PRODUCT_NAME = "$(TARGET_NAME)";
				SWIFT_VERSION = 4.0;
				TARGETED_DEVICE_FAMILY = "1,2";
			};
			name = Release;
		};
/* End XCBuildConfiguration section */

/* Begin XCConfigurationList section */
		93445B2720AF0CD5002B9ADA /* Build configuration list for PBXProject "Chem Final" */ = {
			isa = XCConfigurationList;
			buildConfigurations = (
				93445B3F20AF0CD9002B9ADA /* Debug */,
				93445B4020AF0CD9002B9ADA /* Release */,
			);
			defaultConfigurationIsVisible = 0;
			defaultConfigurationName = Release;
		};
		93445B4120AF0CD9002B9ADA /* Build configuration list for PBXNativeTarget "Chem Final" */ = {
			isa = XCConfigurationList;
			buildConfigurations = (
				93445B4220AF0CD9002B9ADA /* Debug */,
				93445B4320AF0CD9002B9ADA /* Release */,
			);
			defaultConfigurationIsVisible = 0;
			defaultConfigurationName = Release;
		};
/* End XCConfigurationList section */

/* Begin XCVersionGroup section */
		93445B3620AF0CD6002B9ADA /* Chem_Final.xcdatamodeld */ = {
			isa = XCVersionGroup;
			children = (
				93445B3720AF0CD6002B9ADA /* Chem_Final.xcdatamodel */,
			);
			currentVersion = 93445B3720AF0CD6002B9ADA /* Chem_Final.xcdatamodel */;
			path = Chem_Final.xcdatamodeld;
			sourceTree = "<group>";
			versionGroupType = wrapper.xcdatamodel;
		};
/* End XCVersionGroup section */
	};
	rootObject = 93445B2420AF0CD5002B9ADA /* Project object */;
}
